{
  "version": 4,
  "terraform_version": "0.12.20",
  "serial": 2,
  "lineage": "f0e27a60-e757-bfbd-3804-4011f114a746",
  "outputs": {
    "this_sns_topic_arn": {
      "value": "arn:aws:sns:us-east-1:000000000000:test-sns-UjMzDD",
      "type": "string"
    }
  },
  "resources": [
    {
      "module": "module.sns",
      "mode": "managed",
      "type": "aws_sns_topic",
      "name": "this",
      "each": "list",
      "provider": "provider.aws",
      "instances": [
        {
          "index_key": 0,
          "schema_version": 0,
          "attributes": {
            "application_failure_feedback_role_arn": "",
            "application_success_feedback_role_arn": "",
            "application_success_feedback_sample_rate": null,
            "arn": "arn:aws:sns:us-east-1:000000000000:test-sns-UjMzDD",
            "delivery_policy": "",
            "display_name": "",
            "http_failure_feedback_role_arn": "",
            "http_success_feedback_role_arn": "",
            "http_success_feedback_sample_rate": null,
            "id": "arn:aws:sns:us-east-1:000000000000:test-sns-UjMzDD",
            "kms_master_key_id": "",
            "lambda_failure_feedback_role_arn": "",
            "lambda_success_feedback_role_arn": "",
            "lambda_success_feedback_sample_rate": null,
            "name": "test-sns-UjMzDD",
            "name_prefix": null,
            "policy": "{\"Version\": \"2008-10-17\", \"Id\": \"__default_policy_ID\", \"Statement\": [{\"Effect\": \"Allow\", \"Sid\": \"__default_statement_ID\", \"Principal\": {\"AWS\": \"*\"}, \"Action\": [\"SNS:GetTopicAttributes\", \"SNS:SetTopicAttributes\", \"SNS:AddPermission\", \"SNS:RemovePermission\", \"SNS:DeleteTopic\", \"SNS:Subscribe\", \"SNS:ListSubscriptionsByTopic\", \"SNS:Publish\", \"SNS:Receive\"], \"Resource\": \"arn:aws:sns:us-east-1:000000000000:test-sns-UjMzDD\", \"Condition\": {\"StringEquals\": {\"AWS:SourceOwner\": \"123456789012\"}}}]}",
            "sqs_failure_feedback_role_arn": "",
            "sqs_success_feedback_role_arn": "",
            "sqs_success_feedback_sample_rate": null,
            "tags": null
          },
          "private": "bnVsbA=="
        }
      ]
    }
  ]
}
