{
  "version": 4,
  "terraform_version": "0.12.24",
  "serial": 22,
  "lineage": "9e0c7c48-fdb0-9b08-22fd-bbfec9f6ec76",
  "outputs": {},
  "resources": [
    {
      "mode": "managed",
      "type": "google_spanner_database",
      "name": "database",
      "provider": "provider.google",
      "instances": [
        {
          "schema_version": 0,
          "attributes": {
            "ddl": [
              "CREATE TABLE t1 (t1 INT64 NOT NULL,) PRIMARY KEY(t1)",
              "CREATE TABLE t2 (t2 INT64 NOT NULL,) PRIMARY KEY(t2)"
            ],
            "id": "tfgen-spanid-20200623063454807/test-database",
            "instance": "tfgen-spanid-20200623063454807",
            "name": "test-database",
            "project": "sam-test-id",
            "state": "READY",
            "timeouts": null
          },
          "private": "eyJlMmJmYjczMC1lY2FhLTExZTYtOGY4OC0zNDM2M2JjN2M0YzAiOnsiY3JlYXRlIjoyNDAwMDAwMDAwMDAsImRlbGV0ZSI6MjQwMDAwMDAwMDAwfX0=",
          "dependencies": [
            "google_spanner_instance.main"
          ]
        }
      ]
    },
    {
      "mode": "managed",
      "type": "google_spanner_instance",
      "name": "main",
      "provider": "provider.google",
      "instances": [
        {
          "schema_version": 0,
          "attributes": {
            "config": "projects/sam-test-id/instanceConfigs/regional-europe-west1",
            "display_name": "test-spanner-Vbizbq",
            "id": "sam-test-id/tfgen-spanid-20200623063454807",
            "labels": null,
            "name": "tfgen-spanid-20200623063454807",
            "num_nodes": 1,
            "project": "sam-test-id",
            "state": "READY",
            "timeouts": null
          },
          "private": "eyJlMmJmYjczMC1lY2FhLTExZTYtOGY4OC0zNDM2M2JjN2M0YzAiOnsiY3JlYXRlIjoyNDAwMDAwMDAwMDAsImRlbGV0ZSI6MjQwMDAwMDAwMDAwLCJ1cGRhdGUiOjI0MDAwMDAwMDAwMH19"
        }
      ]
    }
  ]
}
